
Microsoft Visual Studio Solution File, Format Version 12.00
# Visual Studio Version 16
VisualStudioVersion = 16.0.31729.503
MinimumVisualStudioVersion = 10.0.40219.1
Project("{9A19103F-16F7-4668-BE54-9A1E7A4F7556}") = "PlantCatalog", "PlantCatalog\PlantCatalog.csproj", "{3CD43AD3-92DA-450A-B703-C3B4BB4C097E}"
EndProject
Project("{9A19103F-16F7-4668-BE54-9A1E7A4F7556}") = "PlantClient", "PlantClient\PlantClient.csproj", "{65548AC3-4AD0-4003-A50F-93C0B02D9F97}"
EndProject
Global
	GlobalSection(SolutionConfigurationPlatforms) = preSolution
		Debug|Any CPU = Debug|Any CPU
		Release|Any CPU = Release|Any CPU
	EndGlobalSection
	GlobalSection(ProjectConfigurationPlatforms) = postSolution
		{3CD43AD3-92DA-450A-B703-C3B4BB4C097E}.Debug|Any CPU.ActiveCfg = Debug|Any CPU
		{3CD43AD3-92DA-450A-B703-C3B4BB4C097E}.Debug|Any CPU.Build.0 = Debug|Any CPU
		{3CD43AD3-92DA-450A-B703-C3B4BB4C097E}.Release|Any CPU.ActiveCfg = Release|Any CPU
		{3CD43AD3-92DA-450A-B703-C3B4BB4C097E}.Release|Any CPU.Build.0 = Release|Any CPU
		{65548AC3-4AD0-4003-A50F-93C0B02D9F97}.Debug|Any CPU.ActiveCfg = Debug|Any CPU
		{65548AC3-4AD0-4003-A50F-93C0B02D9F97}.Debug|Any CPU.Build.0 = Debug|Any CPU
		{65548AC3-4AD0-4003-A50F-93C0B02D9F97}.Release|Any CPU.ActiveCfg = Release|Any CPU
		{65548AC3-4AD0-4003-A50F-93C0B02D9F97}.Release|Any CPU.Build.0 = Release|Any CPU
	EndGlobalSection
	GlobalSection(SolutionProperties) = preSolution
		HideSolutionNode = FALSE
	EndGlobalSection
	GlobalSection(ExtensibilityGlobals) = postSolution
		SolutionGuid = {110E9924-4105-4949-A5A8-4A5C3FD862D5}
	EndGlobalSection
EndGlobal
